
Microsoft Visual Studio Solution File, Format Version 12.00
# Visual Studio Version 16
VisualStudioVersion = 16.0.31025.194
MinimumVisualStudioVersion = 10.0.40219.1
Project("{FAE04EC0-301F-11D3-BF4B-00C04F79EFBC}") = "BitmapToIcon", "BitmapToIcon\BitmapToIcon.csproj", "{2823E0BA-BC63-412A-B19B-56C891963214}"
EndProject
Global
	GlobalSection(SolutionConfigurationPlatforms) = preSolution
		Debug|Any CPU = Debug|Any CPU
		Release|Any CPU = Release|Any CPU
	EndGlobalSection
	GlobalSection(ProjectConfigurationPlatforms) = postSolution
		{2823E0BA-BC63-412A-B19B-56C891963214}.Debug|Any CPU.ActiveCfg = Debug|Any CPU
		{2823E0BA-BC63-412A-B19B-56C891963214}.Debug|Any CPU.Build.0 = Debug|Any CPU
		{2823E0BA-BC63-412A-B19B-56C891963214}.Release|Any CPU.ActiveCfg = Release|Any CPU
		{2823E0BA-BC63-412A-B19B-56C891963214}.Release|Any CPU.Build.0 = Release|Any CPU
	EndGlobalSection
	GlobalSection(SolutionProperties) = preSolution
		HideSolutionNode = FALSE
	EndGlobalSection
	GlobalSection(ExtensibilityGlobals) = postSolution
		SolutionGuid = {420131EB-8B4C-457D-A4C1-87C1BC6EDF4B}
	EndGlobalSection
EndGlobal
