// !$*UTF8*$!
{
	archiveVersion = 1;
	classes = {
	};
	objectVersion = 50;
	objects = {

/* Begin PBXBuildFile section */
		1E9743B523ACA94D00D38573 /* LuaImport.cpp in Sources */ = {isa = PBXBuildFile; fileRef = 1E9743AD23ACA94C00D38573 /* LuaImport.cpp */; };
		1E9743B723ACA94D00D38573 /* pb.c in Sources */ = {isa = PBXBuildFile; fileRef = 1E9743AF23ACA94D00D38573 /* pb.c */; };
		1E9743B923ACA94D00D38573 /* LuaProtobuf.cpp in Sources */ = {isa = PBXBuildFile; fileRef = 1E9743B123ACA94D00D38573 /* LuaProtobuf.cpp */; };
/* End PBXBuildFile section */

/* Begin PBXFileReference section */
		1E9743A623ACA77300D38573 /* LuaProtobuf.bundle */ = {isa = PBXFileReference; explicitFileType = "compiled.mach-o.dylib"; includeInIndex = 0; path = LuaProtobuf.bundle; sourceTree = BUILT_PRODUCTS_DIR; };
		1E9743AD23ACA94C00D38573 /* LuaImport.cpp */ = {isa = PBXFileReference; fileEncoding = 4; lastKnownFileType = sourcecode.cpp.cpp; name = LuaImport.cpp; path = ../../../src/LuaImport.cpp; sourceTree = "<group>"; };
		1E9743AE23ACA94C00D38573 /* pb.h */ = {isa = PBXFileReference; fileEncoding = 4; lastKnownFileType = sourcecode.c.h; name = pb.h; path = ../../../src/pb.h; sourceTree = "<group>"; };
		1E9743AF23ACA94D00D38573 /* pb.c */ = {isa = PBXFileReference; fileEncoding = 4; lastKnownFileType = sourcecode.c.c; name = pb.c; path = ../../../src/pb.c; sourceTree = "<group>"; };
		1E9743B023ACA94D00D38573 /* LuaImport.h */ = {isa = PBXFileReference; fileEncoding = 4; lastKnownFileType = sourcecode.c.h; name = LuaImport.h; path = ../../../src/LuaImport.h; sourceTree = "<group>"; };
		1E9743B123ACA94D00D38573 /* LuaProtobuf.cpp */ = {isa = PBXFileReference; fileEncoding = 4; lastKnownFileType = sourcecode.cpp.cpp; name = LuaProtobuf.cpp; path = ../../../src/LuaProtobuf.cpp; sourceTree = "<group>"; };
		1E9743B223ACA94D00D38573 /* lua.h */ = {isa = PBXFileReference; fileEncoding = 4; lastKnownFileType = sourcecode.c.h; name = lua.h; path = ../../../src/lua.h; sourceTree = "<group>"; };
		1E9743B323ACA94D00D38573 /* lauxlib.h */ = {isa = PBXFileReference; fileEncoding = 4; lastKnownFileType = sourcecode.c.h; name = lauxlib.h; path = ../../../src/lauxlib.h; sourceTree = "<group>"; };
		1E9743B423ACA94D00D38573 /* IUnityInterface.h */ = {isa = PBXFileReference; fileEncoding = 4; lastKnownFileType = sourcecode.c.h; name = IUnityInterface.h; path = ../../../src/IUnityInterface.h; sourceTree = "<group>"; };
/* End PBXFileReference section */

/* Begin PBXFrameworksBuildPhase section */
		1E9743A423ACA77300D38573 /* Frameworks */ = {
			isa = PBXFrameworksBuildPhase;
			buildActionMask = 2147483647;
			files = (
			);
			runOnlyForDeploymentPostprocessing = 0;
		};
/* End PBXFrameworksBuildPhase section */

/* Begin PBXGroup section */
		1E97439D23ACA77300D38573 = {
			isa = PBXGroup;
			children = (
				1E9743B423ACA94D00D38573 /* IUnityInterface.h */,
				1E9743B323ACA94D00D38573 /* lauxlib.h */,
				1E9743B223ACA94D00D38573 /* lua.h */,
				1E9743AD23ACA94C00D38573 /* LuaImport.cpp */,
				1E9743B023ACA94D00D38573 /* LuaImport.h */,
				1E9743B123ACA94D00D38573 /* LuaProtobuf.cpp */,
				1E9743AF23ACA94D00D38573 /* pb.c */,
				1E9743AE23ACA94C00D38573 /* pb.h */,
				1E9743A723ACA77300D38573 /* Products */,
			);
			sourceTree = "<group>";
		};
		1E9743A723ACA77300D38573 /* Products */ = {
			isa = PBXGroup;
			children = (
				1E9743A623ACA77300D38573 /* LuaProtobuf.bundle */,
			);
			name = Products;
			sourceTree = "<group>";
		};
/* End PBXGroup section */

/* Begin PBXHeadersBuildPhase section */
		1E9743A223ACA77300D38573 /* Headers */ = {
			isa = PBXHeadersBuildPhase;
			buildActionMask = 2147483647;
			files = (
			);
			runOnlyForDeploymentPostprocessing = 0;
		};
/* End PBXHeadersBuildPhase section */

/* Begin PBXNativeTarget section */
		1E9743A523ACA77300D38573 /* LuaProtobuf */ = {
			isa = PBXNativeTarget;
			buildConfigurationList = 1E9743AA23ACA77300D38573 /* Build configuration list for PBXNativeTarget "LuaProtobuf" */;
			buildPhases = (
				1E9743A223ACA77300D38573 /* Headers */,
				1E9743A323ACA77300D38573 /* Sources */,
				1E9743A423ACA77300D38573 /* Frameworks */,
			);
			buildRules = (
			);
			dependencies = (
			);
			name = LuaProtobuf;
			productName = LuaProtobuf;
			productReference = 1E9743A623ACA77300D38573 /* LuaProtobuf.bundle */;
			productType = "com.apple.product-type.library.dynamic";
		};
/* End PBXNativeTarget section */

/* Begin PBXProject section */
		1E97439E23ACA77300D38573 /* Project object */ = {
			isa = PBXProject;
			attributes = {
				LastUpgradeCheck = 1130;
				ORGANIZATIONNAME = Silas;
				TargetAttributes = {
					1E9743A523ACA77300D38573 = {
						CreatedOnToolsVersion = 11.3;
					};
				};
			};
			buildConfigurationList = 1E9743A123ACA77300D38573 /* Build configuration list for PBXProject "LuaProtobuf" */;
			compatibilityVersion = "Xcode 9.3";
			developmentRegion = en;
			hasScannedForEncodings = 0;
			knownRegions = (
				en,
				Base,
			);
			mainGroup = 1E97439D23ACA77300D38573;
			productRefGroup = 1E9743A723ACA77300D38573 /* Products */;
			projectDirPath = "";
			projectRoot = "";
			targets = (
				1E9743A523ACA77300D38573 /* LuaProtobuf */,
			);
		};
/* End PBXProject section */

/* Begin PBXSourcesBuildPhase section */
		1E9743A323ACA77300D38573 /* Sources */ = {
			isa = PBXSourcesBuildPhase;
			buildActionMask = 2147483647;
			files = (
				1E9743B523ACA94D00D38573 /* LuaImport.cpp in Sources */,
				1E9743B723ACA94D00D38573 /* pb.c in Sources */,
				1E9743B923ACA94D00D38573 /* LuaProtobuf.cpp in Sources */,
			);
			runOnlyForDeploymentPostprocessing = 0;
		};
/* End PBXSourcesBuildPhase section */

/* Begin XCBuildConfiguration section */
		1E9743A823ACA77300D38573 /* Debug */ = {
			isa = XCBuildConfiguration;
			buildSettings = {
				ALWAYS_SEARCH_USER_PATHS = NO;
				CLANG_ANALYZER_NONNULL = YES;
				CLANG_ANALYZER_NUMBER_OBJECT_CONVERSION = YES_AGGRESSIVE;
				CLANG_CXX_LANGUAGE_STANDARD = "gnu++14";
				CLANG_CXX_LIBRARY = "libc++";
				CLANG_ENABLE_MODULES = YES;
				CLANG_ENABLE_OBJC_ARC = YES;
				CLANG_ENABLE_OBJC_WEAK = YES;
				CLANG_WARN_BLOCK_CAPTURE_AUTORELEASING = YES;
				CLANG_WARN_BOOL_CONVERSION = YES;
				CLANG_WARN_COMMA = YES;
				CLANG_WARN_CONSTANT_CONVERSION = YES;
				CLANG_WARN_DEPRECATED_OBJC_IMPLEMENTATIONS = YES;
				CLANG_WARN_DIRECT_OBJC_ISA_USAGE = YES_ERROR;
				CLANG_WARN_DOCUMENTATION_COMMENTS = YES;
				CLANG_WARN_EMPTY_BODY = YES;
				CLANG_WARN_ENUM_CONVERSION = YES;
				CLANG_WARN_INFINITE_RECURSION = YES;
				CLANG_WARN_INT_CONVERSION = YES;
				CLANG_WARN_NON_LITERAL_NULL_CONVERSION = YES;
				CLANG_WARN_OBJC_IMPLICIT_RETAIN_SELF = YES;
				CLANG_WARN_OBJC_LITERAL_CONVERSION = YES;
				CLANG_WARN_OBJC_ROOT_CLASS = YES_ERROR;
				CLANG_WARN_RANGE_LOOP_ANALYSIS = YES;
				CLANG_WARN_STRICT_PROTOTYPES = YES;
				CLANG_WARN_SUSPICIOUS_MOVE = YES;
				CLANG_WARN_UNGUARDED_AVAILABILITY = YES_AGGRESSIVE;
				CLANG_WARN_UNREACHABLE_CODE = YES;
				CLANG_WARN__DUPLICATE_METHOD_MATCH = YES;
				COPY_PHASE_STRIP = NO;
				DEBUG_INFORMATION_FORMAT = dwarf;
				ENABLE_STRICT_OBJC_MSGSEND = YES;
				ENABLE_TESTABILITY = YES;
				GCC_C_LANGUAGE_STANDARD = gnu11;
				GCC_DYNAMIC_NO_PIC = NO;
				GCC_NO_COMMON_BLOCKS = YES;
				GCC_OPTIMIZATION_LEVEL = 0;
				GCC_PREPROCESSOR_DEFINITIONS = (
					"DEBUG=1",
					"$(inherited)",
				);
				GCC_WARN_64_TO_32_BIT_CONVERSION = YES;
				GCC_WARN_ABOUT_RETURN_TYPE = YES_ERROR;
				GCC_WARN_UNDECLARED_SELECTOR = YES;
				GCC_WARN_UNINITIALIZED_AUTOS = YES_AGGRESSIVE;
				GCC_WARN_UNUSED_FUNCTION = YES;
				GCC_WARN_UNUSED_VARIABLE = YES;
				MACOSX_DEPLOYMENT_TARGET = 10.15;
				MTL_ENABLE_DEBUG_INFO = INCLUDE_SOURCE;
				MTL_FAST_MATH = YES;
				ONLY_ACTIVE_ARCH = YES;
				SDKROOT = macosx;
			};
			name = Debug;
		};
		1E9743A923ACA77300D38573 /* Release */ = {
			isa = XCBuildConfiguration;
			buildSettings = {
				ALWAYS_SEARCH_USER_PATHS = NO;
				CLANG_ANALYZER_NONNULL = YES;
				CLANG_ANALYZER_NUMBER_OBJECT_CONVERSION = YES_AGGRESSIVE;
				CLANG_CXX_LANGUAGE_STANDARD = "gnu++14";
				CLANG_CXX_LIBRARY = "libc++";
				CLANG_ENABLE_MODULES = YES;
				CLANG_ENABLE_OBJC_ARC = YES;
				CLANG_ENABLE_OBJC_WEAK = YES;
				CLANG_WARN_BLOCK_CAPTURE_AUTORELEASING = YES;
				CLANG_WARN_BOOL_CONVERSION = YES;
				CLANG_WARN_COMMA = YES;
				CLANG_WARN_CONSTANT_CONVERSION = YES;
				CLANG_WARN_DEPRECATED_OBJC_IMPLEMENTATIONS = YES;
				CLANG_WARN_DIRECT_OBJC_ISA_USAGE = YES_ERROR;
				CLANG_WARN_DOCUMENTATION_COMMENTS = YES;
				CLANG_WARN_EMPTY_BODY = YES;
				CLANG_WARN_ENUM_CONVERSION = YES;
				CLANG_WARN_INFINITE_RECURSION = YES;
				CLANG_WARN_INT_CONVERSION = YES;
				CLANG_WARN_NON_LITERAL_NULL_CONVERSION = YES;
				CLANG_WARN_OBJC_IMPLICIT_RETAIN_SELF = YES;
				CLANG_WARN_OBJC_LITERAL_CONVERSION = YES;
				CLANG_WARN_OBJC_ROOT_CLASS = YES_ERROR;
				CLANG_WARN_RANGE_LOOP_ANALYSIS = YES;
				CLANG_WARN_STRICT_PROTOTYPES = YES;
				CLANG_WARN_SUSPICIOUS_MOVE = YES;
				CLANG_WARN_UNGUARDED_AVAILABILITY = YES_AGGRESSIVE;
				CLANG_WARN_UNREACHABLE_CODE = YES;
				CLANG_WARN__DUPLICATE_METHOD_MATCH = YES;
				COPY_PHASE_STRIP = NO;
				DEBUG_INFORMATION_FORMAT = "dwarf-with-dsym";
				ENABLE_NS_ASSERTIONS = NO;
				ENABLE_STRICT_OBJC_MSGSEND = YES;
				GCC_C_LANGUAGE_STANDARD = gnu11;
				GCC_NO_COMMON_BLOCKS = YES;
				GCC_WARN_64_TO_32_BIT_CONVERSION = YES;
				GCC_WARN_ABOUT_RETURN_TYPE = YES_ERROR;
				GCC_WARN_UNDECLARED_SELECTOR = YES;
				GCC_WARN_UNINITIALIZED_AUTOS = YES_AGGRESSIVE;
				GCC_WARN_UNUSED_FUNCTION = YES;
				GCC_WARN_UNUSED_VARIABLE = YES;
				MACOSX_DEPLOYMENT_TARGET = 10.15;
				MTL_ENABLE_DEBUG_INFO = NO;
				MTL_FAST_MATH = YES;
				SDKROOT = macosx;
			};
			name = Release;
		};
		1E9743AB23ACA77300D38573 /* Debug */ = {
			isa = XCBuildConfiguration;
			buildSettings = {
				CODE_SIGN_STYLE = Automatic;
				DYLIB_COMPATIBILITY_VERSION = 1;
				DYLIB_CURRENT_VERSION = 1;
				EXECUTABLE_EXTENSION = bundle;
				EXECUTABLE_PREFIX = "";
				HEADER_SEARCH_PATHS = ../../../src;
				PRODUCT_NAME = "$(TARGET_NAME)";
				SKIP_INSTALL = YES;
			};
			name = Debug;
		};
		1E9743AC23ACA77300D38573 /* Release */ = {
			isa = XCBuildConfiguration;
			buildSettings = {
				CODE_SIGN_STYLE = Automatic;
				DYLIB_COMPATIBILITY_VERSION = 1;
				DYLIB_CURRENT_VERSION = 1;
				EXECUTABLE_EXTENSION = bundle;
				EXECUTABLE_PREFIX = "";
				HEADER_SEARCH_PATHS = ../../../src;
				PRODUCT_NAME = "$(TARGET_NAME)";
				SKIP_INSTALL = YES;
			};
			name = Release;
		};
/* End XCBuildConfiguration section */

/* Begin XCConfigurationList section */
		1E9743A123ACA77300D38573 /* Build configuration list for PBXProject "LuaProtobuf" */ = {
			isa = XCConfigurationList;
			buildConfigurations = (
				1E9743A823ACA77300D38573 /* Debug */,
				1E9743A923ACA77300D38573 /* Release */,
			);
			defaultConfigurationIsVisible = 0;
			defaultConfigurationName = Release;
		};
		1E9743AA23ACA77300D38573 /* Build configuration list for PBXNativeTarget "LuaProtobuf" */ = {
			isa = XCConfigurationList;
			buildConfigurations = (
				1E9743AB23ACA77300D38573 /* Debug */,
				1E9743AC23ACA77300D38573 /* Release */,
			);
			defaultConfigurationIsVisible = 0;
			defaultConfigurationName = Release;
		};
/* End XCConfigurationList section */
	};
	rootObject = 1E97439E23ACA77300D38573 /* Project object */;
}
